
Microsoft Visual Studio Solution File, Format Version 12.00
# Visual Studio Version 17
VisualStudioVersion = 17.11.35222.181
MinimumVisualStudioVersion = 10.0.40219.1
Project("{FAE04EC0-301F-11D3-BF4B-00C04F79EFBC}") = "UI", "UI\UI.csproj", "{DB5EE988-9078-473C-83A0-998AFA0EA9B9}"
EndProject
Project("{FAE04EC0-301F-11D3-BF4B-00C04F79EFBC}") = "EntityLayer", "EntityLayer\EntityLayer.csproj", "{EAD20EB1-091B-489F-8E79-A0C3C2EB0243}"
EndProject
Project("{FAE04EC0-301F-11D3-BF4B-00C04F79EFBC}") = "DataAccessLayer", "DataAccessLayer\DataAccessLayer.csproj", "{9BBA3A56-D049-4C73-9D3A-8892314FD89A}"
EndProject
Project("{FAE04EC0-301F-11D3-BF4B-00C04F79EFBC}") = "BusinessLayer", "BusinessLayer\BusinessLayer.csproj", "{27E37A77-4D74-4642-80C8-A8E5A951699C}"
EndProject
Global
	GlobalSection(SolutionConfigurationPlatforms) = preSolution
		Debug|Any CPU = Debug|Any CPU
		Release|Any CPU = Release|Any CPU
	EndGlobalSection
	GlobalSection(ProjectConfigurationPlatforms) = postSolution
		{DB5EE988-9078-473C-83A0-998AFA0EA9B9}.Debug|Any CPU.ActiveCfg = Debug|Any CPU
		{DB5EE988-9078-473C-83A0-998AFA0EA9B9}.Debug|Any CPU.Build.0 = Debug|Any CPU
		{DB5EE988-9078-473C-83A0-998AFA0EA9B9}.Release|Any CPU.ActiveCfg = Release|Any CPU
		{DB5EE988-9078-473C-83A0-998AFA0EA9B9}.Release|Any CPU.Build.0 = Release|Any CPU
		{EAD20EB1-091B-489F-8E79-A0C3C2EB0243}.Debug|Any CPU.ActiveCfg = Debug|Any CPU
		{EAD20EB1-091B-489F-8E79-A0C3C2EB0243}.Debug|Any CPU.Build.0 = Debug|Any CPU
		{EAD20EB1-091B-489F-8E79-A0C3C2EB0243}.Release|Any CPU.ActiveCfg = Release|Any CPU
		{EAD20EB1-091B-489F-8E79-A0C3C2EB0243}.Release|Any CPU.Build.0 = Release|Any CPU
		{9BBA3A56-D049-4C73-9D3A-8892314FD89A}.Debug|Any CPU.ActiveCfg = Debug|Any CPU
		{9BBA3A56-D049-4C73-9D3A-8892314FD89A}.Debug|Any CPU.Build.0 = Debug|Any CPU
		{9BBA3A56-D049-4C73-9D3A-8892314FD89A}.Release|Any CPU.ActiveCfg = Release|Any CPU
		{9BBA3A56-D049-4C73-9D3A-8892314FD89A}.Release|Any CPU.Build.0 = Release|Any CPU
		{27E37A77-4D74-4642-80C8-A8E5A951699C}.Debug|Any CPU.ActiveCfg = Debug|Any CPU
		{27E37A77-4D74-4642-80C8-A8E5A951699C}.Debug|Any CPU.Build.0 = Debug|Any CPU
		{27E37A77-4D74-4642-80C8-A8E5A951699C}.Release|Any CPU.ActiveCfg = Release|Any CPU
		{27E37A77-4D74-4642-80C8-A8E5A951699C}.Release|Any CPU.Build.0 = Release|Any CPU
	EndGlobalSection
	GlobalSection(SolutionProperties) = preSolution
		HideSolutionNode = FALSE
	EndGlobalSection
	GlobalSection(ExtensibilityGlobals) = postSolution
		SolutionGuid = {AAE6F4C7-12F8-4C72-AB8D-1F68D77BD52C}
	EndGlobalSection
EndGlobal
